# This file is generated by running "yarn install" inside your project.
# Manual changes might be lost - proceed with caution!

__metadata:
  version: 6
  cacheKey: 8

"@popperjs/core@npm:^2.11.6":
  version: 2.11.6
  resolution: "@popperjs/core@npm:2.11.6"
  checksum: 47fb328cec1924559d759b48235c78574f2d71a8a6c4c03edb6de5d7074078371633b91e39bbf3f901b32aa8af9b9d8f82834856d2f5737a23475036b16817f0
  languageName: node
  linkType: hard

"bootstrap@npm:^5.2.3":
  version: 5.2.3
  resolution: "bootstrap@npm:5.2.3"
  peerDependencies:
    "@popperjs/core": ^2.11.6
  checksum: 0211805dec6a190c0911d142966df30fdb4b4139a04cc6c23dd83c6045ea3cb0a966b360ab2e701e7b3ad96ff01e05fdc0914be97b41bd876b11e457a8bdc6a3
  languageName: node
  linkType: hard

"jquery@npm:^3.6.3":
  version: 3.6.3
  resolution: "jquery@npm:3.6.3"
  checksum: 0fd366bdcaa0c84a7a8751ce20f8192290141913978b5059574426d9b01f4365daa675f95aab3eec94fd794d27b08d32078a2236bef404b8ba78073009988ce6
  languageName: node
  linkType: hard

"plagueme@workspace:.":
  version: 0.0.0-use.local
  resolution: "plagueme@workspace:."
  dependencies:
    "@popperjs/core": ^2.11.6
    bootstrap: ^5.2.3
    jquery: ^3.6.3
    yarn: ^1.22.19
  languageName: unknown
  linkType: soft

"yarn@npm:^1.22.19":
  version: 1.22.19
  resolution: "yarn@npm:1.22.19"
  bin:
    yarn: bin/yarn.js
    yarnpkg: bin/yarn.js
  checksum: b43d2cc5fee7e933beb12a8aee7dfceca9e9ef2dd17c5d04d15a12ab7bec5f5744ea34a07b86e013da7f291a18c4e1ad8f70e150f5ed2f4666e6723c7f0a8452
  languageName: node
  linkType: hard
